
Microsoft Visual Studio Solution File, Format Version 12.00
# Visual Studio Version 16
VisualStudioVersion = 16.0.29709.97
MinimumVisualStudioVersion = 10.0.40219.1
Project("{FAE04EC0-301F-11D3-BF4B-00C04F79EFBC}") = "MQ1", "MQ1\MQ1.csproj", "{13594BDE-795C-4AD5-B647-CDB8E3B31A92}"
EndProject
Global
	GlobalSection(SolutionConfigurationPlatforms) = preSolution
		Debug|Any CPU = Debug|Any CPU
		Release|Any CPU = Release|Any CPU
	EndGlobalSection
	GlobalSection(ProjectConfigurationPlatforms) = postSolution
		{13594BDE-795C-4AD5-B647-CDB8E3B31A92}.Debug|Any CPU.ActiveCfg = Debug|Any CPU
		{13594BDE-795C-4AD5-B647-CDB8E3B31A92}.Debug|Any CPU.Build.0 = Debug|Any CPU
		{13594BDE-795C-4AD5-B647-CDB8E3B31A92}.Release|Any CPU.ActiveCfg = Release|Any CPU
		{13594BDE-795C-4AD5-B647-CDB8E3B31A92}.Release|Any CPU.Build.0 = Release|Any CPU
	EndGlobalSection
	GlobalSection(SolutionProperties) = preSolution
		HideSolutionNode = FALSE
	EndGlobalSection
	GlobalSection(ExtensibilityGlobals) = postSolution
		SolutionGuid = {026DA74E-2464-4156-B22D-9AA01B14B22A}
	EndGlobalSection
EndGlobal
