
Microsoft Visual Studio Solution File, Format Version 12.00
# Visual Studio Version 16
VisualStudioVersion = 16.0.29709.97
MinimumVisualStudioVersion = 10.0.40219.1
Project("{FAE04EC0-301F-11D3-BF4B-00C04F79EFBC}") = "MQ2", "MQ2\MQ2.csproj", "{A23F79E6-0B32-4977-BBAA-14B6F6B03FE2}"
EndProject
Global
	GlobalSection(SolutionConfigurationPlatforms) = preSolution
		Debug|Any CPU = Debug|Any CPU
		Release|Any CPU = Release|Any CPU
	EndGlobalSection
	GlobalSection(ProjectConfigurationPlatforms) = postSolution
		{A23F79E6-0B32-4977-BBAA-14B6F6B03FE2}.Debug|Any CPU.ActiveCfg = Debug|Any CPU
		{A23F79E6-0B32-4977-BBAA-14B6F6B03FE2}.Debug|Any CPU.Build.0 = Debug|Any CPU
		{A23F79E6-0B32-4977-BBAA-14B6F6B03FE2}.Release|Any CPU.ActiveCfg = Release|Any CPU
		{A23F79E6-0B32-4977-BBAA-14B6F6B03FE2}.Release|Any CPU.Build.0 = Release|Any CPU
	EndGlobalSection
	GlobalSection(SolutionProperties) = preSolution
		HideSolutionNode = FALSE
	EndGlobalSection
	GlobalSection(ExtensibilityGlobals) = postSolution
		SolutionGuid = {92F5C6DD-3ACE-437A-8335-CB1EC3DC1198}
	EndGlobalSection
EndGlobal
